
Microsoft Visual Studio Solution File, Format Version 12.00
# Visual Studio Version 16
VisualStudioVersion = 16.0.32510.428
MinimumVisualStudioVersion = 10.0.40219.1
Project("{FAE04EC0-301F-11D3-BF4B-00C04F79EFBC}") = "AgenceTestApplication", "AgenceTestApplication\AgenceTestApplication.csproj", "{AB529123-D1E8-4084-B076-308B4563E036}"
EndProject
Global
	GlobalSection(SolutionConfigurationPlatforms) = preSolution
		Debug|Any CPU = Debug|Any CPU
		Release|Any CPU = Release|Any CPU
	EndGlobalSection
	GlobalSection(ProjectConfigurationPlatforms) = postSolution
		{AB529123-D1E8-4084-B076-308B4563E036}.Debug|Any CPU.ActiveCfg = Debug|Any CPU
		{AB529123-D1E8-4084-B076-308B4563E036}.Debug|Any CPU.Build.0 = Debug|Any CPU
		{AB529123-D1E8-4084-B076-308B4563E036}.Release|Any CPU.ActiveCfg = Release|Any CPU
		{AB529123-D1E8-4084-B076-308B4563E036}.Release|Any CPU.Build.0 = Release|Any CPU
	EndGlobalSection
	GlobalSection(SolutionProperties) = preSolution
		HideSolutionNode = FALSE
	EndGlobalSection
	GlobalSection(ExtensibilityGlobals) = postSolution
		SolutionGuid = {793A426A-E448-4E17-9BB5-B457CC74145C}
	EndGlobalSection
EndGlobal
